// !$*UTF8*$!
{
	archiveVersion = 1;
	classes = {
	};
	objectVersion = 48;
	objects = {

/* Begin PBXBuildFile section */
		EE4751741FC541C200722630 /* filestream.cpp in Sources */ = {isa = PBXBuildFile; fileRef = EE4751621FC541C000722630 /* filestream.cpp */; };
		EE4751761FC541C200722630 /* ftpclient.cpp in Sources */ = {isa = PBXBuildFile; fileRef = EE4751671FC541C100722630 /* ftpclient.cpp */; };
		EE4751771FC541C200722630 /* main.cpp in Sources */ = {isa = PBXBuildFile; fileRef = EE4751681FC541C100722630 /* main.cpp */; };
		EE4751781FC541C200722630 /* socketstream.cpp in Sources */ = {isa = PBXBuildFile; fileRef = EE47516A1FC541C100722630 /* socketstream.cpp */; };
		EE4751791FC541C200722630 /* ststreambuf.cpp in Sources */ = {isa = PBXBuildFile; fileRef = EE47516B1FC541C100722630 /* ststreambuf.cpp */; };
		EE47517A1FC541C200722630 /* istream.cpp in Sources */ = {isa = PBXBuildFile; fileRef = EE47516F1FC541C200722630 /* istream.cpp */; };
		EE47517B1FC541C200722630 /* noncopyable.cpp in Sources */ = {isa = PBXBuildFile; fileRef = EE4751711FC541C200722630 /* noncopyable.cpp */; };
		EE47517E1FC54AA200722630 /* bufferediostream.cpp in Sources */ = {isa = PBXBuildFile; fileRef = EE47517D1FC54AA200722630 /* bufferediostream.cpp */; };
		EE4751811FC5684D00722630 /* basesession.cpp in Sources */ = {isa = PBXBuildFile; fileRef = EE47517F1FC5684D00722630 /* basesession.cpp */; };
		EE4751871FC59D4100722630 /* netsession.cpp in Sources */ = {isa = PBXBuildFile; fileRef = EE4751851FC59D4100722630 /* netsession.cpp */; };
		EE47518A1FC5A0FC00722630 /* filesession.cpp in Sources */ = {isa = PBXBuildFile; fileRef = EE4751881FC5A0FC00722630 /* filesession.cpp */; };
		EE47518D1FC5C08000722630 /* stsyncqueue.cpp in Sources */ = {isa = PBXBuildFile; fileRef = EE47518B1FC5C08000722630 /* stsyncqueue.cpp */; };
/* End PBXBuildFile section */

/* Begin PBXCopyFilesBuildPhase section */
		EE4751301FC506F500722630 /* CopyFiles */ = {
			isa = PBXCopyFilesBuildPhase;
			buildActionMask = 2147483647;
			dstPath = /usr/share/man/man1/;
			dstSubfolderSpec = 0;
			files = (
			);
			runOnlyForDeploymentPostprocessing = 1;
		};
/* End PBXCopyFilesBuildPhase section */

/* Begin PBXFileReference section */
		EE4751321FC506F500722630 /* edi */ = {isa = PBXFileReference; explicitFileType = "compiled.mach-o.executable"; includeInIndex = 0; path = edi; sourceTree = BUILT_PRODUCTS_DIR; };
		EE4751621FC541C000722630 /* filestream.cpp */ = {isa = PBXFileReference; fileEncoding = 4; lastKnownFileType = sourcecode.cpp.cpp; path = filestream.cpp; sourceTree = "<group>"; };
		EE4751631FC541C000722630 /* filestream.hpp */ = {isa = PBXFileReference; fileEncoding = 4; lastKnownFileType = sourcecode.cpp.h; path = filestream.hpp; sourceTree = "<group>"; };
		EE4751641FC541C100722630 /* socketstream.hpp */ = {isa = PBXFileReference; fileEncoding = 4; lastKnownFileType = sourcecode.cpp.h; path = socketstream.hpp; sourceTree = "<group>"; };
		EE4751661FC541C100722630 /* utilities.hpp */ = {isa = PBXFileReference; fileEncoding = 4; lastKnownFileType = sourcecode.cpp.h; path = utilities.hpp; sourceTree = "<group>"; };
		EE4751671FC541C100722630 /* ftpclient.cpp */ = {isa = PBXFileReference; fileEncoding = 4; lastKnownFileType = sourcecode.cpp.cpp; path = ftpclient.cpp; sourceTree = "<group>"; };
		EE4751681FC541C100722630 /* main.cpp */ = {isa = PBXFileReference; fileEncoding = 4; lastKnownFileType = sourcecode.cpp.cpp; path = main.cpp; sourceTree = "<group>"; };
		EE47516A1FC541C100722630 /* socketstream.cpp */ = {isa = PBXFileReference; fileEncoding = 4; lastKnownFileType = sourcecode.cpp.cpp; path = socketstream.cpp; sourceTree = "<group>"; };
		EE47516B1FC541C100722630 /* ststreambuf.cpp */ = {isa = PBXFileReference; fileEncoding = 4; lastKnownFileType = sourcecode.cpp.cpp; path = ststreambuf.cpp; sourceTree = "<group>"; };
		EE47516C1FC541C100722630 /* noncopyable.hpp */ = {isa = PBXFileReference; fileEncoding = 4; lastKnownFileType = sourcecode.cpp.h; path = noncopyable.hpp; sourceTree = "<group>"; };
		EE47516E1FC541C100722630 /* ftpclient.h */ = {isa = PBXFileReference; fileEncoding = 4; lastKnownFileType = sourcecode.c.h; path = ftpclient.h; sourceTree = "<group>"; };
		EE47516F1FC541C200722630 /* istream.cpp */ = {isa = PBXFileReference; fileEncoding = 4; lastKnownFileType = sourcecode.cpp.cpp; path = istream.cpp; sourceTree = "<group>"; };
		EE4751701FC541C200722630 /* ststreambuf.hpp */ = {isa = PBXFileReference; fileEncoding = 4; lastKnownFileType = sourcecode.cpp.h; path = ststreambuf.hpp; sourceTree = "<group>"; };
		EE4751711FC541C200722630 /* noncopyable.cpp */ = {isa = PBXFileReference; fileEncoding = 4; lastKnownFileType = sourcecode.cpp.cpp; path = noncopyable.cpp; sourceTree = "<group>"; };
		EE4751721FC541C200722630 /* istream.hpp */ = {isa = PBXFileReference; fileEncoding = 4; lastKnownFileType = sourcecode.cpp.h; path = istream.hpp; sourceTree = "<group>"; };
		EE47517C1FC54AA200722630 /* bufferediostream.h */ = {isa = PBXFileReference; fileEncoding = 4; lastKnownFileType = sourcecode.c.h; path = bufferediostream.h; sourceTree = "<group>"; };
		EE47517D1FC54AA200722630 /* bufferediostream.cpp */ = {isa = PBXFileReference; fileEncoding = 4; lastKnownFileType = sourcecode.cpp.cpp; path = bufferediostream.cpp; sourceTree = "<group>"; };
		EE47517F1FC5684D00722630 /* basesession.cpp */ = {isa = PBXFileReference; lastKnownFileType = sourcecode.cpp.cpp; path = basesession.cpp; sourceTree = "<group>"; };
		EE4751801FC5684D00722630 /* basesession.hpp */ = {isa = PBXFileReference; lastKnownFileType = sourcecode.cpp.h; path = basesession.hpp; sourceTree = "<group>"; };
		EE4751851FC59D4100722630 /* netsession.cpp */ = {isa = PBXFileReference; lastKnownFileType = sourcecode.cpp.cpp; path = netsession.cpp; sourceTree = "<group>"; };
		EE4751861FC59D4100722630 /* netsession.hpp */ = {isa = PBXFileReference; lastKnownFileType = sourcecode.cpp.h; path = netsession.hpp; sourceTree = "<group>"; };
		EE4751881FC5A0FC00722630 /* filesession.cpp */ = {isa = PBXFileReference; lastKnownFileType = sourcecode.cpp.cpp; path = filesession.cpp; sourceTree = "<group>"; };
		EE4751891FC5A0FC00722630 /* filesession.hpp */ = {isa = PBXFileReference; lastKnownFileType = sourcecode.cpp.h; path = filesession.hpp; sourceTree = "<group>"; };
		EE47518B1FC5C08000722630 /* stsyncqueue.cpp */ = {isa = PBXFileReference; lastKnownFileType = sourcecode.cpp.cpp; path = stsyncqueue.cpp; sourceTree = "<group>"; };
		EE47518C1FC5C08000722630 /* stsyncqueue.hpp */ = {isa = PBXFileReference; lastKnownFileType = sourcecode.cpp.h; path = stsyncqueue.hpp; sourceTree = "<group>"; };
/* End PBXFileReference section */

/* Begin PBXFrameworksBuildPhase section */
		EE47512F1FC506F500722630 /* Frameworks */ = {
			isa = PBXFrameworksBuildPhase;
			buildActionMask = 2147483647;
			files = (
			);
			runOnlyForDeploymentPostprocessing = 0;
		};
/* End PBXFrameworksBuildPhase section */

/* Begin PBXGroup section */
		EE4751291FC506F500722630 = {
			isa = PBXGroup;
			children = (
				EE4751341FC506F500722630 /* edi */,
				EE4751331FC506F500722630 /* Products */,
			);
			sourceTree = "<group>";
		};
		EE4751331FC506F500722630 /* Products */ = {
			isa = PBXGroup;
			children = (
				EE4751321FC506F500722630 /* edi */,
			);
			name = Products;
			sourceTree = "<group>";
		};
		EE4751341FC506F500722630 /* edi */ = {
			isa = PBXGroup;
			children = (
				EE47517D1FC54AA200722630 /* bufferediostream.cpp */,
				EE47517C1FC54AA200722630 /* bufferediostream.h */,
				EE4751621FC541C000722630 /* filestream.cpp */,
				EE4751631FC541C000722630 /* filestream.hpp */,
				EE4751671FC541C100722630 /* ftpclient.cpp */,
				EE47516E1FC541C100722630 /* ftpclient.h */,
				EE47516F1FC541C200722630 /* istream.cpp */,
				EE4751721FC541C200722630 /* istream.hpp */,
				EE4751681FC541C100722630 /* main.cpp */,
				EE4751711FC541C200722630 /* noncopyable.cpp */,
				EE47516C1FC541C100722630 /* noncopyable.hpp */,
				EE47516A1FC541C100722630 /* socketstream.cpp */,
				EE4751641FC541C100722630 /* socketstream.hpp */,
				EE47516B1FC541C100722630 /* ststreambuf.cpp */,
				EE4751701FC541C200722630 /* ststreambuf.hpp */,
				EE4751661FC541C100722630 /* utilities.hpp */,
				EE47517F1FC5684D00722630 /* basesession.cpp */,
				EE4751801FC5684D00722630 /* basesession.hpp */,
				EE4751851FC59D4100722630 /* netsession.cpp */,
				EE4751861FC59D4100722630 /* netsession.hpp */,
				EE4751881FC5A0FC00722630 /* filesession.cpp */,
				EE4751891FC5A0FC00722630 /* filesession.hpp */,
				EE47518B1FC5C08000722630 /* stsyncqueue.cpp */,
				EE47518C1FC5C08000722630 /* stsyncqueue.hpp */,
			);
			path = edi;
			sourceTree = "<group>";
		};
/* End PBXGroup section */

/* Begin PBXNativeTarget section */
		EE4751311FC506F500722630 /* edi */ = {
			isa = PBXNativeTarget;
			buildConfigurationList = EE4751391FC506F500722630 /* Build configuration list for PBXNativeTarget "edi" */;
			buildPhases = (
				EE47512E1FC506F500722630 /* Sources */,
				EE47512F1FC506F500722630 /* Frameworks */,
				EE4751301FC506F500722630 /* CopyFiles */,
			);
			buildRules = (
			);
			dependencies = (
			);
			name = edi;
			productName = edi;
			productReference = EE4751321FC506F500722630 /* edi */;
			productType = "com.apple.product-type.tool";
		};
/* End PBXNativeTarget section */

/* Begin PBXProject section */
		EE47512A1FC506F500722630 /* Project object */ = {
			isa = PBXProject;
			attributes = {
				LastUpgradeCheck = 0910;
				ORGANIZATIONNAME = com.oocl;
				TargetAttributes = {
					EE4751311FC506F500722630 = {
						CreatedOnToolsVersion = 9.1;
						ProvisioningStyle = Automatic;
					};
				};
			};
			buildConfigurationList = EE47512D1FC506F500722630 /* Build configuration list for PBXProject "edi" */;
			compatibilityVersion = "Xcode 8.0";
			developmentRegion = en;
			hasScannedForEncodings = 0;
			knownRegions = (
				en,
			);
			mainGroup = EE4751291FC506F500722630;
			productRefGroup = EE4751331FC506F500722630 /* Products */;
			projectDirPath = "";
			projectRoot = "";
			targets = (
				EE4751311FC506F500722630 /* edi */,
			);
		};
/* End PBXProject section */

/* Begin PBXSourcesBuildPhase section */
		EE47512E1FC506F500722630 /* Sources */ = {
			isa = PBXSourcesBuildPhase;
			buildActionMask = 2147483647;
			files = (
				EE47518A1FC5A0FC00722630 /* filesession.cpp in Sources */,
				EE47517B1FC541C200722630 /* noncopyable.cpp in Sources */,
				EE47517A1FC541C200722630 /* istream.cpp in Sources */,
				EE4751741FC541C200722630 /* filestream.cpp in Sources */,
				EE4751771FC541C200722630 /* main.cpp in Sources */,
				EE4751811FC5684D00722630 /* basesession.cpp in Sources */,
				EE4751791FC541C200722630 /* ststreambuf.cpp in Sources */,
				EE47517E1FC54AA200722630 /* bufferediostream.cpp in Sources */,
				EE4751781FC541C200722630 /* socketstream.cpp in Sources */,
				EE47518D1FC5C08000722630 /* stsyncqueue.cpp in Sources */,
				EE4751761FC541C200722630 /* ftpclient.cpp in Sources */,
				EE4751871FC59D4100722630 /* netsession.cpp in Sources */,
			);
			runOnlyForDeploymentPostprocessing = 0;
		};
/* End PBXSourcesBuildPhase section */

/* Begin XCBuildConfiguration section */
		EE4751371FC506F500722630 /* Debug */ = {
			isa = XCBuildConfiguration;
			buildSettings = {
				ALWAYS_SEARCH_USER_PATHS = NO;
				CLANG_ANALYZER_NONNULL = YES;
				CLANG_ANALYZER_NUMBER_OBJECT_CONVERSION = YES_AGGRESSIVE;
				CLANG_CXX_LANGUAGE_STANDARD = "gnu++14";
				CLANG_CXX_LIBRARY = "libc++";
				CLANG_ENABLE_MODULES = YES;
				CLANG_ENABLE_OBJC_ARC = YES;
				CLANG_WARN_BLOCK_CAPTURE_AUTORELEASING = YES;
				CLANG_WARN_BOOL_CONVERSION = YES;
				CLANG_WARN_COMMA = YES;
				CLANG_WARN_CONSTANT_CONVERSION = YES;
				CLANG_WARN_DIRECT_OBJC_ISA_USAGE = YES_ERROR;
				CLANG_WARN_DOCUMENTATION_COMMENTS = YES;
				CLANG_WARN_EMPTY_BODY = YES;
				CLANG_WARN_ENUM_CONVERSION = YES;
				CLANG_WARN_INFINITE_RECURSION = YES;
				CLANG_WARN_INT_CONVERSION = YES;
				CLANG_WARN_NON_LITERAL_NULL_CONVERSION = YES;
				CLANG_WARN_OBJC_LITERAL_CONVERSION = YES;
				CLANG_WARN_OBJC_ROOT_CLASS = YES_ERROR;
				CLANG_WARN_RANGE_LOOP_ANALYSIS = YES;
				CLANG_WARN_STRICT_PROTOTYPES = YES;
				CLANG_WARN_SUSPICIOUS_MOVE = YES;
				CLANG_WARN_UNGUARDED_AVAILABILITY = YES_AGGRESSIVE;
				CLANG_WARN_UNREACHABLE_CODE = YES;
				CLANG_WARN__DUPLICATE_METHOD_MATCH = YES;
				CODE_SIGN_IDENTITY = "-";
				COPY_PHASE_STRIP = NO;
				DEBUG_INFORMATION_FORMAT = dwarf;
				ENABLE_STRICT_OBJC_MSGSEND = YES;
				ENABLE_TESTABILITY = YES;
				GCC_C_LANGUAGE_STANDARD = gnu11;
				GCC_DYNAMIC_NO_PIC = NO;
				GCC_NO_COMMON_BLOCKS = YES;
				GCC_OPTIMIZATION_LEVEL = 0;
				GCC_PREPROCESSOR_DEFINITIONS = (
					"DEBUG=1",
					"$(inherited)",
				);
				GCC_WARN_64_TO_32_BIT_CONVERSION = YES;
				GCC_WARN_ABOUT_RETURN_TYPE = YES_ERROR;
				GCC_WARN_UNDECLARED_SELECTOR = YES;
				GCC_WARN_UNINITIALIZED_AUTOS = YES_AGGRESSIVE;
				GCC_WARN_UNUSED_FUNCTION = YES;
				GCC_WARN_UNUSED_VARIABLE = YES;
				MACOSX_DEPLOYMENT_TARGET = 10.13;
				MTL_ENABLE_DEBUG_INFO = YES;
				ONLY_ACTIVE_ARCH = YES;
				SDKROOT = macosx;
			};
			name = Debug;
		};
		EE4751381FC506F500722630 /* Release */ = {
			isa = XCBuildConfiguration;
			buildSettings = {
				ALWAYS_SEARCH_USER_PATHS = NO;
				CLANG_ANALYZER_NONNULL = YES;
				CLANG_ANALYZER_NUMBER_OBJECT_CONVERSION = YES_AGGRESSIVE;
				CLANG_CXX_LANGUAGE_STANDARD = "gnu++14";
				CLANG_CXX_LIBRARY = "libc++";
				CLANG_ENABLE_MODULES = YES;
				CLANG_ENABLE_OBJC_ARC = YES;
				CLANG_WARN_BLOCK_CAPTURE_AUTORELEASING = YES;
				CLANG_WARN_BOOL_CONVERSION = YES;
				CLANG_WARN_COMMA = YES;
				CLANG_WARN_CONSTANT_CONVERSION = YES;
				CLANG_WARN_DIRECT_OBJC_ISA_USAGE = YES_ERROR;
				CLANG_WARN_DOCUMENTATION_COMMENTS = YES;
				CLANG_WARN_EMPTY_BODY = YES;
				CLANG_WARN_ENUM_CONVERSION = YES;
				CLANG_WARN_INFINITE_RECURSION = YES;
				CLANG_WARN_INT_CONVERSION = YES;
				CLANG_WARN_NON_LITERAL_NULL_CONVERSION = YES;
				CLANG_WARN_OBJC_LITERAL_CONVERSION = YES;
				CLANG_WARN_OBJC_ROOT_CLASS = YES_ERROR;
				CLANG_WARN_RANGE_LOOP_ANALYSIS = YES;
				CLANG_WARN_STRICT_PROTOTYPES = YES;
				CLANG_WARN_SUSPICIOUS_MOVE = YES;
				CLANG_WARN_UNGUARDED_AVAILABILITY = YES_AGGRESSIVE;
				CLANG_WARN_UNREACHABLE_CODE = YES;
				CLANG_WARN__DUPLICATE_METHOD_MATCH = YES;
				CODE_SIGN_IDENTITY = "-";
				COPY_PHASE_STRIP = NO;
				DEBUG_INFORMATION_FORMAT = "dwarf-with-dsym";
				ENABLE_NS_ASSERTIONS = NO;
				ENABLE_STRICT_OBJC_MSGSEND = YES;
				GCC_C_LANGUAGE_STANDARD = gnu11;
				GCC_NO_COMMON_BLOCKS = YES;
				GCC_WARN_64_TO_32_BIT_CONVERSION = YES;
				GCC_WARN_ABOUT_RETURN_TYPE = YES_ERROR;
				GCC_WARN_UNDECLARED_SELECTOR = YES;
				GCC_WARN_UNINITIALIZED_AUTOS = YES_AGGRESSIVE;
				GCC_WARN_UNUSED_FUNCTION = YES;
				GCC_WARN_UNUSED_VARIABLE = YES;
				MACOSX_DEPLOYMENT_TARGET = 10.13;
				MTL_ENABLE_DEBUG_INFO = NO;
				SDKROOT = macosx;
			};
			name = Release;
		};
		EE47513A1FC506F500722630 /* Debug */ = {
			isa = XCBuildConfiguration;
			buildSettings = {
				CODE_SIGN_STYLE = Automatic;
				HEADER_SEARCH_PATHS = (
					/usr/local/include,
					"/Users/lmz/Downloads/st-1.9/DARWIN_17.2.0_DBG",
				);
				LIBRARY_SEARCH_PATHS = (
					"/Users/lmz/Downloads/st-1.9/DARWIN_17.2.0_DBG",
					/usr/local/lib,
				);
				OTHER_LDFLAGS = (
					"-ljemalloc",
					"-lst",
				);
				PRODUCT_NAME = "$(TARGET_NAME)";
			};
			name = Debug;
		};
		EE47513B1FC506F500722630 /* Release */ = {
			isa = XCBuildConfiguration;
			buildSettings = {
				CODE_SIGN_STYLE = Automatic;
				HEADER_SEARCH_PATHS = (
					"/Users/lmz/Downloads/st-1.9/DARWIN_17.2.0_OPT",
					/usr/loca/include,
				);
				LIBRARY_SEARCH_PATHS = (
					"/Users/lmz/Downloads/st-1.9/DARWIN_17.2.0_OPT",
					/usr/local/lib,
				);
				OTHER_LDFLAGS = (
					"-ljemalloc",
					"-lst",
				);
				PRODUCT_NAME = "$(TARGET_NAME)";
			};
			name = Release;
		};
/* End XCBuildConfiguration section */

/* Begin XCConfigurationList section */
		EE47512D1FC506F500722630 /* Build configuration list for PBXProject "edi" */ = {
			isa = XCConfigurationList;
			buildConfigurations = (
				EE4751371FC506F500722630 /* Debug */,
				EE4751381FC506F500722630 /* Release */,
			);
			defaultConfigurationIsVisible = 0;
			defaultConfigurationName = Release;
		};
		EE4751391FC506F500722630 /* Build configuration list for PBXNativeTarget "edi" */ = {
			isa = XCConfigurationList;
			buildConfigurations = (
				EE47513A1FC506F500722630 /* Debug */,
				EE47513B1FC506F500722630 /* Release */,
			);
			defaultConfigurationIsVisible = 0;
			defaultConfigurationName = Release;
		};
/* End XCConfigurationList section */
	};
	rootObject = EE47512A1FC506F500722630 /* Project object */;
}
